// !$*UTF8*$!
{
	archiveVersion = 1;
	classes = {
	};
	objectVersion = 51;
	objects = {

/* Begin PBXBuildFile section */
		21322CA22469EFB3005A290B /* AppDelegate.swift in Sources */ = {isa = PBXBuildFile; fileRef = 21322CA12469EFB3005A290B /* AppDelegate.swift */; };
		21322CA42469EFB3005A290B /* SceneDelegate.swift in Sources */ = {isa = PBXBuildFile; fileRef = 21322CA32469EFB3005A290B /* SceneDelegate.swift */; };
		21322CA62469EFB3005A290B /* LoginViewController.swift in Sources */ = {isa = PBXBuildFile; fileRef = 21322CA52469EFB3005A290B /* LoginViewController.swift */; };
		21322CA92469EFB3005A290B /* Main.storyboard in Resources */ = {isa = PBXBuildFile; fileRef = 21322CA72469EFB3005A290B /* Main.storyboard */; };
		21322CAB2469EFB8005A290B /* Assets.xcassets in Resources */ = {isa = PBXBuildFile; fileRef = 21322CAA2469EFB8005A290B /* Assets.xcassets */; };
		21322CAE2469EFB8005A290B /* LaunchScreen.storyboard in Resources */ = {isa = PBXBuildFile; fileRef = 21322CAC2469EFB8005A290B /* LaunchScreen.storyboard */; };
		21322CB62469F13F005A290B /* GoogleService-Info.plist in Resources */ = {isa = PBXBuildFile; fileRef = 21322CB52469F13F005A290B /* GoogleService-Info.plist */; };
		21322CB8246A75D5005A290B /* SnapsTableViewController.swift in Sources */ = {isa = PBXBuildFile; fileRef = 21322CB7246A75D5005A290B /* SnapsTableViewController.swift */; };
		21322CBA246A7A20005A290B /* SelectPictureViewController.swift in Sources */ = {isa = PBXBuildFile; fileRef = 21322CB9246A7A20005A290B /* SelectPictureViewController.swift */; };
		21322CBE246BA03D005A290B /* SelectRecipientTableViewController.swift in Sources */ = {isa = PBXBuildFile; fileRef = 21322CBD246BA03D005A290B /* SelectRecipientTableViewController.swift */; };
		21322CC0246BEA99005A290B /* User.swift in Sources */ = {isa = PBXBuildFile; fileRef = 21322CBF246BEA99005A290B /* User.swift */; };
		E116E7B7B6F9CFE67C80E386 /* Pods_SnapSnapApp.framework in Frameworks */ = {isa = PBXBuildFile; fileRef = B52741C160596501BA0B262A /* Pods_SnapSnapApp.framework */; };
/* End PBXBuildFile section */

/* Begin PBXFileReference section */
		21322C9E2469EFB3005A290B /* SnapSnapApp.app */ = {isa = PBXFileReference; explicitFileType = wrapper.application; includeInIndex = 0; path = SnapSnapApp.app; sourceTree = BUILT_PRODUCTS_DIR; };
		21322CA12469EFB3005A290B /* AppDelegate.swift */ = {isa = PBXFileReference; lastKnownFileType = sourcecode.swift; path = AppDelegate.swift; sourceTree = "<group>"; };
		21322CA32469EFB3005A290B /* SceneDelegate.swift */ = {isa = PBXFileReference; lastKnownFileType = sourcecode.swift; path = SceneDelegate.swift; sourceTree = "<group>"; };
		21322CA52469EFB3005A290B /* LoginViewController.swift */ = {isa = PBXFileReference; lastKnownFileType = sourcecode.swift; path = LoginViewController.swift; sourceTree = "<group>"; };
		21322CA82469EFB3005A290B /* Base */ = {isa = PBXFileReference; lastKnownFileType = file.storyboard; name = Base; path = Base.lproj/Main.storyboard; sourceTree = "<group>"; };
		21322CAA2469EFB8005A290B /* Assets.xcassets */ = {isa = PBXFileReference; lastKnownFileType = folder.assetcatalog; path = Assets.xcassets; sourceTree = "<group>"; };
		21322CAD2469EFB8005A290B /* Base */ = {isa = PBXFileReference; lastKnownFileType = file.storyboard; name = Base; path = Base.lproj/LaunchScreen.storyboard; sourceTree = "<group>"; };
		21322CAF2469EFB8005A290B /* Info.plist */ = {isa = PBXFileReference; lastKnownFileType = text.plist.xml; path = Info.plist; sourceTree = "<group>"; };
		21322CB52469F13F005A290B /* GoogleService-Info.plist */ = {isa = PBXFileReference; fileEncoding = 4; lastKnownFileType = text.plist.xml; path = "GoogleService-Info.plist"; sourceTree = "<group>"; };
		21322CB7246A75D5005A290B /* SnapsTableViewController.swift */ = {isa = PBXFileReference; lastKnownFileType = sourcecode.swift; path = SnapsTableViewController.swift; sourceTree = "<group>"; };
		21322CB9246A7A20005A290B /* SelectPictureViewController.swift */ = {isa = PBXFileReference; lastKnownFileType = sourcecode.swift; path = SelectPictureViewController.swift; sourceTree = "<group>"; };
		21322CBD246BA03D005A290B /* SelectRecipientTableViewController.swift */ = {isa = PBXFileReference; lastKnownFileType = sourcecode.swift; path = SelectRecipientTableViewController.swift; sourceTree = "<group>"; };
		21322CBF246BEA99005A290B /* User.swift */ = {isa = PBXFileReference; lastKnownFileType = sourcecode.swift; path = User.swift; sourceTree = "<group>"; };
		667B059C41206B308091C344 /* Pods-SnapSnapApp.release.xcconfig */ = {isa = PBXFileReference; includeInIndex = 1; lastKnownFileType = text.xcconfig; name = "Pods-SnapSnapApp.release.xcconfig"; path = "Target Support Files/Pods-SnapSnapApp/Pods-SnapSnapApp.release.xcconfig"; sourceTree = "<group>"; };
		9A6AFD1E8BA843DD0175F8F6 /* Pods-SnapSnapApp.debug.xcconfig */ = {isa = PBXFileReference; includeInIndex = 1; lastKnownFileType = text.xcconfig; name = "Pods-SnapSnapApp.debug.xcconfig"; path = "Target Support Files/Pods-SnapSnapApp/Pods-SnapSnapApp.debug.xcconfig"; sourceTree = "<group>"; };
		B52741C160596501BA0B262A /* Pods_SnapSnapApp.framework */ = {isa = PBXFileReference; explicitFileType = wrapper.framework; includeInIndex = 0; path = Pods_SnapSnapApp.framework; sourceTree = BUILT_PRODUCTS_DIR; };
/* End PBXFileReference section */

/* Begin PBXFrameworksBuildPhase section */
		21322C9B2469EFB3005A290B /* Frameworks */ = {
			isa = PBXFrameworksBuildPhase;
			buildActionMask = 2147483647;
			files = (
				E116E7B7B6F9CFE67C80E386 /* Pods_SnapSnapApp.framework in Frameworks */,
			);
			runOnlyForDeploymentPostprocessing = 0;
		};
/* End PBXFrameworksBuildPhase section */

/* Begin PBXGroup section */
		07D81F072DF59B6A6486BF93 /* Frameworks */ = {
			isa = PBXGroup;
			children = (
				B52741C160596501BA0B262A /* Pods_SnapSnapApp.framework */,
			);
			name = Frameworks;
			sourceTree = "<group>";
		};
		21322C952469EFB3005A290B = {
			isa = PBXGroup;
			children = (
				21322CA02469EFB3005A290B /* SnapSnapApp */,
				21322C9F2469EFB3005A290B /* Products */,
				83929366BEB730F6A0D82CA5 /* Pods */,
				07D81F072DF59B6A6486BF93 /* Frameworks */,
			);
			sourceTree = "<group>";
		};
		21322C9F2469EFB3005A290B /* Products */ = {
			isa = PBXGroup;
			children = (
				21322C9E2469EFB3005A290B /* SnapSnapApp.app */,
			);
			name = Products;
			sourceTree = "<group>";
		};
		21322CA02469EFB3005A290B /* SnapSnapApp */ = {
			isa = PBXGroup;
			children = (
				21322CA12469EFB3005A290B /* AppDelegate.swift */,
				21322CA32469EFB3005A290B /* SceneDelegate.swift */,
				21322CBC246A7A9F005A290B /* Controllers */,
				21322CBB246A7A93005A290B /* View */,
				21322CAA2469EFB8005A290B /* Assets.xcassets */,
				21322CAC2469EFB8005A290B /* LaunchScreen.storyboard */,
				21322CAF2469EFB8005A290B /* Info.plist */,
				21322CB52469F13F005A290B /* GoogleService-Info.plist */,
			);
			path = SnapSnapApp;
			sourceTree = "<group>";
		};
		21322CBB246A7A93005A290B /* View */ = {
			isa = PBXGroup;
			children = (
				21322CA72469EFB3005A290B /* Main.storyboard */,
			);
			path = View;
			sourceTree = "<group>";
		};
		21322CBC246A7A9F005A290B /* Controllers */ = {
			isa = PBXGroup;
			children = (
				21322CA52469EFB3005A290B /* LoginViewController.swift */,
				21322CB7246A75D5005A290B /* SnapsTableViewController.swift */,
				21322CB9246A7A20005A290B /* SelectPictureViewController.swift */,
				21322CBD246BA03D005A290B /* SelectRecipientTableViewController.swift */,
				21322CBF246BEA99005A290B /* User.swift */,
			);
			path = Controllers;
			sourceTree = "<group>";
		};
		83929366BEB730F6A0D82CA5 /* Pods */ = {
			isa = PBXGroup;
			children = (
				9A6AFD1E8BA843DD0175F8F6 /* Pods-SnapSnapApp.debug.xcconfig */,
				667B059C41206B308091C344 /* Pods-SnapSnapApp.release.xcconfig */,
			);
			path = Pods;
			sourceTree = "<group>";
		};
/* End PBXGroup section */

/* Begin PBXNativeTarget section */
		21322C9D2469EFB3005A290B /* SnapSnapApp */ = {
			isa = PBXNativeTarget;
			buildConfigurationList = 21322CB22469EFB8005A290B /* Build configuration list for PBXNativeTarget "SnapSnapApp" */;
			buildPhases = (
				2E259DEAEDC67D416F5B65EC /* [CP] Check Pods Manifest.lock */,
				21322C9A2469EFB3005A290B /* Sources */,
				21322C9B2469EFB3005A290B /* Frameworks */,
				21322C9C2469EFB3005A290B /* Resources */,
				545F4ECAB68DE683ECAC6D6B /* [CP] Embed Pods Frameworks */,
			);
			buildRules = (
			);
			dependencies = (
			);
			name = SnapSnapApp;
			productName = SnapSnapApp;
			productReference = 21322C9E2469EFB3005A290B /* SnapSnapApp.app */;
			productType = "com.apple.product-type.application";
		};
/* End PBXNativeTarget section */

/* Begin PBXProject section */
		21322C962469EFB3005A290B /* Project object */ = {
			isa = PBXProject;
			attributes = {
				LastSwiftUpdateCheck = 1140;
				LastUpgradeCheck = 1140;
				ORGANIZATIONNAME = "Anton Veldanov";
				TargetAttributes = {
					21322C9D2469EFB3005A290B = {
						CreatedOnToolsVersion = 11.4.1;
					};
				};
			};
			buildConfigurationList = 21322C992469EFB3005A290B /* Build configuration list for PBXProject "SnapSnapApp" */;
			compatibilityVersion = "Xcode 9.3";
			developmentRegion = en;
			hasScannedForEncodings = 0;
			knownRegions = (
				en,
				Base,
			);
			mainGroup = 21322C952469EFB3005A290B;
			productRefGroup = 21322C9F2469EFB3005A290B /* Products */;
			projectDirPath = "";
			projectRoot = "";
			targets = (
				21322C9D2469EFB3005A290B /* SnapSnapApp */,
			);
		};
/* End PBXProject section */

/* Begin PBXResourcesBuildPhase section */
		21322C9C2469EFB3005A290B /* Resources */ = {
			isa = PBXResourcesBuildPhase;
			buildActionMask = 2147483647;
			files = (
				21322CB62469F13F005A290B /* GoogleService-Info.plist in Resources */,
				21322CAE2469EFB8005A290B /* LaunchScreen.storyboard in Resources */,
				21322CAB2469EFB8005A290B /* Assets.xcassets in Resources */,
				21322CA92469EFB3005A290B /* Main.storyboard in Resources */,
			);
			runOnlyForDeploymentPostprocessing = 0;
		};
/* End PBXResourcesBuildPhase section */

/* Begin PBXShellScriptBuildPhase section */
		2E259DEAEDC67D416F5B65EC /* [CP] Check Pods Manifest.lock */ = {
			isa = PBXShellScriptBuildPhase;
			buildActionMask = 2147483647;
			files = (
			);
			inputFileListPaths = (
			);
			inputPaths = (
				"${PODS_PODFILE_DIR_PATH}/Podfile.lock",
				"${PODS_ROOT}/Manifest.lock",
			);
			name = "[CP] Check Pods Manifest.lock";
			outputFileListPaths = (
			);
			outputPaths = (
				"$(DERIVED_FILE_DIR)/Pods-SnapSnapApp-checkManifestLockResult.txt",
			);
			runOnlyForDeploymentPostprocessing = 0;
			shellPath = /bin/sh;
			shellScript = "diff \"${PODS_PODFILE_DIR_PATH}/Podfile.lock\" \"${PODS_ROOT}/Manifest.lock\" > /dev/null\nif [ $? != 0 ] ; then\n    # print error to STDERR\n    echo \"error: The sandbox is not in sync with the Podfile.lock. Run 'pod install' or update your CocoaPods installation.\" >&2\n    exit 1\nfi\n# This output is used by Xcode 'outputs' to avoid re-running this script phase.\necho \"SUCCESS\" > \"${SCRIPT_OUTPUT_FILE_0}\"\n";
			showEnvVarsInLog = 0;
		};
		545F4ECAB68DE683ECAC6D6B /* [CP] Embed Pods Frameworks */ = {
			isa = PBXShellScriptBuildPhase;
			buildActionMask = 2147483647;
			files = (
			);
			inputFileListPaths = (
				"${PODS_ROOT}/Target Support Files/Pods-SnapSnapApp/Pods-SnapSnapApp-frameworks-${CONFIGURATION}-input-files.xcfilelist",
			);
			name = "[CP] Embed Pods Frameworks";
			outputFileListPaths = (
				"${PODS_ROOT}/Target Support Files/Pods-SnapSnapApp/Pods-SnapSnapApp-frameworks-${CONFIGURATION}-output-files.xcfilelist",
			);
			runOnlyForDeploymentPostprocessing = 0;
			shellPath = /bin/sh;
			shellScript = "\"${PODS_ROOT}/Target Support Files/Pods-SnapSnapApp/Pods-SnapSnapApp-frameworks.sh\"\n";
			showEnvVarsInLog = 0;
		};
/* End PBXShellScriptBuildPhase section */

/* Begin PBXSourcesBuildPhase section */
		21322C9A2469EFB3005A290B /* Sources */ = {
			isa = PBXSourcesBuildPhase;
			buildActionMask = 2147483647;
			files = (
				21322CA62469EFB3005A290B /* LoginViewController.swift in Sources */,
				21322CBE246BA03D005A290B /* SelectRecipientTableViewController.swift in Sources */,
				21322CB8246A75D5005A290B /* SnapsTableViewController.swift in Sources */,
				21322CA22469EFB3005A290B /* AppDelegate.swift in Sources */,
				21322CBA246A7A20005A290B /* SelectPictureViewController.swift in Sources */,
				21322CA42469EFB3005A290B /* SceneDelegate.swift in Sources */,
				21322CC0246BEA99005A290B /* User.swift in Sources */,
			);
			runOnlyForDeploymentPostprocessing = 0;
		};
/* End PBXSourcesBuildPhase section */

/* Begin PBXVariantGroup section */
		21322CA72469EFB3005A290B /* Main.storyboard */ = {
			isa = PBXVariantGroup;
			children = (
				21322CA82469EFB3005A290B /* Base */,
			);
			name = Main.storyboard;
			sourceTree = "<group>";
		};
		21322CAC2469EFB8005A290B /* LaunchScreen.storyboard */ = {
			isa = PBXVariantGroup;
			children = (
				21322CAD2469EFB8005A290B /* Base */,
			);
			name = LaunchScreen.storyboard;
			sourceTree = "<group>";
		};
/* End PBXVariantGroup section */

/* Begin XCBuildConfiguration section */
		21322CB02469EFB8005A290B /* Debug */ = {
			isa = XCBuildConfiguration;
			buildSettings = {
				ALWAYS_SEARCH_USER_PATHS = NO;
				CLANG_ANALYZER_NONNULL = YES;
				CLANG_ANALYZER_NUMBER_OBJECT_CONVERSION = YES_AGGRESSIVE;
				CLANG_CXX_LANGUAGE_STANDARD = "gnu++14";
				CLANG_CXX_LIBRARY = "libc++";
				CLANG_ENABLE_MODULES = YES;
				CLANG_ENABLE_OBJC_ARC = YES;
				CLANG_ENABLE_OBJC_WEAK = YES;
				CLANG_WARN_BLOCK_CAPTURE_AUTORELEASING = YES;
				CLANG_WARN_BOOL_CONVERSION = YES;
				CLANG_WARN_COMMA = YES;
				CLANG_WARN_CONSTANT_CONVERSION = YES;
				CLANG_WARN_DEPRECATED_OBJC_IMPLEMENTATIONS = YES;
				CLANG_WARN_DIRECT_OBJC_ISA_USAGE = YES_ERROR;
				CLANG_WARN_DOCUMENTATION_COMMENTS = YES;
				CLANG_WARN_EMPTY_BODY = YES;
				CLANG_WARN_ENUM_CONVERSION = YES;
				CLANG_WARN_INFINITE_RECURSION = YES;
				CLANG_WARN_INT_CONVERSION = YES;
				CLANG_WARN_NON_LITERAL_NULL_CONVERSION = YES;
				CLANG_WARN_OBJC_IMPLICIT_RETAIN_SELF = YES;
				CLANG_WARN_OBJC_LITERAL_CONVERSION = YES;
				CLANG_WARN_OBJC_ROOT_CLASS = YES_ERROR;
				CLANG_WARN_RANGE_LOOP_ANALYSIS = YES;
				CLANG_WARN_STRICT_PROTOTYPES = YES;
				CLANG_WARN_SUSPICIOUS_MOVE = YES;
				CLANG_WARN_UNGUARDED_AVAILABILITY = YES_AGGRESSIVE;
				CLANG_WARN_UNREACHABLE_CODE = YES;
				CLANG_WARN__DUPLICATE_METHOD_MATCH = YES;
				COPY_PHASE_STRIP = NO;
				DEBUG_INFORMATION_FORMAT = dwarf;
				ENABLE_STRICT_OBJC_MSGSEND = YES;
				ENABLE_TESTABILITY = YES;
				GCC_C_LANGUAGE_STANDARD = gnu11;
				GCC_DYNAMIC_NO_PIC = NO;
				GCC_NO_COMMON_BLOCKS = YES;
				GCC_OPTIMIZATION_LEVEL = 0;
				GCC_PREPROCESSOR_DEFINITIONS = (
					"DEBUG=1",
					"$(inherited)",
				);
				GCC_WARN_64_TO_32_BIT_CONVERSION = YES;
				GCC_WARN_ABOUT_RETURN_TYPE = YES_ERROR;
				GCC_WARN_UNDECLARED_SELECTOR = YES;
				GCC_WARN_UNINITIALIZED_AUTOS = YES_AGGRESSIVE;
				GCC_WARN_UNUSED_FUNCTION = YES;
				GCC_WARN_UNUSED_VARIABLE = YES;
				IPHONEOS_DEPLOYMENT_TARGET = 13.4;
				MTL_ENABLE_DEBUG_INFO = INCLUDE_SOURCE;
				MTL_FAST_MATH = YES;
				ONLY_ACTIVE_ARCH = YES;
				SDKROOT = iphoneos;
				SWIFT_ACTIVE_COMPILATION_CONDITIONS = DEBUG;
				SWIFT_OPTIMIZATION_LEVEL = "-Onone";
			};
			name = Debug;
		};
		21322CB12469EFB8005A290B /* Release */ = {
			isa = XCBuildConfiguration;
			buildSettings = {
				ALWAYS_SEARCH_USER_PATHS = NO;
				CLANG_ANALYZER_NONNULL = YES;
				CLANG_ANALYZER_NUMBER_OBJECT_CONVERSION = YES_AGGRESSIVE;
				CLANG_CXX_LANGUAGE_STANDARD = "gnu++14";
				CLANG_CXX_LIBRARY = "libc++";
				CLANG_ENABLE_MODULES = YES;
				CLANG_ENABLE_OBJC_ARC = YES;
				CLANG_ENABLE_OBJC_WEAK = YES;
				CLANG_WARN_BLOCK_CAPTURE_AUTORELEASING = YES;
				CLANG_WARN_BOOL_CONVERSION = YES;
				CLANG_WARN_COMMA = YES;
				CLANG_WARN_CONSTANT_CONVERSION = YES;
				CLANG_WARN_DEPRECATED_OBJC_IMPLEMENTATIONS = YES;
				CLANG_WARN_DIRECT_OBJC_ISA_USAGE = YES_ERROR;
				CLANG_WARN_DOCUMENTATION_COMMENTS = YES;
				CLANG_WARN_EMPTY_BODY = YES;
				CLANG_WARN_ENUM_CONVERSION = YES;
				CLANG_WARN_INFINITE_RECURSION = YES;
				CLANG_WARN_INT_CONVERSION = YES;
				CLANG_WARN_NON_LITERAL_NULL_CONVERSION = YES;
				CLANG_WARN_OBJC_IMPLICIT_RETAIN_SELF = YES;
				CLANG_WARN_OBJC_LITERAL_CONVERSION = YES;
				CLANG_WARN_OBJC_ROOT_CLASS = YES_ERROR;
				CLANG_WARN_RANGE_LOOP_ANALYSIS = YES;
				CLANG_WARN_STRICT_PROTOTYPES = YES;
				CLANG_WARN_SUSPICIOUS_MOVE = YES;
				CLANG_WARN_UNGUARDED_AVAILABILITY = YES_AGGRESSIVE;
				CLANG_WARN_UNREACHABLE_CODE = YES;
				CLANG_WARN__DUPLICATE_METHOD_MATCH = YES;
				COPY_PHASE_STRIP = NO;
				DEBUG_INFORMATION_FORMAT = "dwarf-with-dsym";
				ENABLE_NS_ASSERTIONS = NO;
				ENABLE_STRICT_OBJC_MSGSEND = YES;
				GCC_C_LANGUAGE_STANDARD = gnu11;
				GCC_NO_COMMON_BLOCKS = YES;
				GCC_WARN_64_TO_32_BIT_CONVERSION = YES;
				GCC_WARN_ABOUT_RETURN_TYPE = YES_ERROR;
				GCC_WARN_UNDECLARED_SELECTOR = YES;
				GCC_WARN_UNINITIALIZED_AUTOS = YES_AGGRESSIVE;
				GCC_WARN_UNUSED_FUNCTION = YES;
				GCC_WARN_UNUSED_VARIABLE = YES;
				IPHONEOS_DEPLOYMENT_TARGET = 13.4;
				MTL_ENABLE_DEBUG_INFO = NO;
				MTL_FAST_MATH = YES;
				SDKROOT = iphoneos;
				SWIFT_COMPILATION_MODE = wholemodule;
				SWIFT_OPTIMIZATION_LEVEL = "-O";
				VALIDATE_PRODUCT = YES;
			};
			name = Release;
		};
		21322CB32469EFB8005A290B /* Debug */ = {
			isa = XCBuildConfiguration;
			baseConfigurationReference = 9A6AFD1E8BA843DD0175F8F6 /* Pods-SnapSnapApp.debug.xcconfig */;
			buildSettings = {
				ASSETCATALOG_COMPILER_APPICON_NAME = AppIcon;
				CODE_SIGN_STYLE = Automatic;
				DEVELOPMENT_TEAM = QLJ84Q3ZSY;
				INFOPLIST_FILE = SnapSnapApp/Info.plist;
				LD_RUNPATH_SEARCH_PATHS = (
					"$(inherited)",
					"@executable_path/Frameworks",
				);
				PRODUCT_BUNDLE_IDENTIFIER = com.aveldanov.SnapSnapApp;
				PRODUCT_NAME = "$(TARGET_NAME)";
				SWIFT_VERSION = 5.0;
				TARGETED_DEVICE_FAMILY = "1,2";
			};
			name = Debug;
		};
		21322CB42469EFB8005A290B /* Release */ = {
			isa = XCBuildConfiguration;
			baseConfigurationReference = 667B059C41206B308091C344 /* Pods-SnapSnapApp.release.xcconfig */;
			buildSettings = {
				ASSETCATALOG_COMPILER_APPICON_NAME = AppIcon;
				CODE_SIGN_STYLE = Automatic;
				DEVELOPMENT_TEAM = QLJ84Q3ZSY;
				INFOPLIST_FILE = SnapSnapApp/Info.plist;
				LD_RUNPATH_SEARCH_PATHS = (
					"$(inherited)",
					"@executable_path/Frameworks",
				);
				PRODUCT_BUNDLE_IDENTIFIER = com.aveldanov.SnapSnapApp;
				PRODUCT_NAME = "$(TARGET_NAME)";
				SWIFT_VERSION = 5.0;
				TARGETED_DEVICE_FAMILY = "1,2";
			};
			name = Release;
		};
/* End XCBuildConfiguration section */

/* Begin XCConfigurationList section */
		21322C992469EFB3005A290B /* Build configuration list for PBXProject "SnapSnapApp" */ = {
			isa = XCConfigurationList;
			buildConfigurations = (
				21322CB02469EFB8005A290B /* Debug */,
				21322CB12469EFB8005A290B /* Release */,
			);
			defaultConfigurationIsVisible = 0;
			defaultConfigurationName = Release;
		};
		21322CB22469EFB8005A290B /* Build configuration list for PBXNativeTarget "SnapSnapApp" */ = {
			isa = XCConfigurationList;
			buildConfigurations = (
				21322CB32469EFB8005A290B /* Debug */,
				21322CB42469EFB8005A290B /* Release */,
			);
			defaultConfigurationIsVisible = 0;
			defaultConfigurationName = Release;
		};
/* End XCConfigurationList section */
	};
	rootObject = 21322C962469EFB3005A290B /* Project object */;
}
